{
  "name": "ai-social-media-kit-generator",
  "version": "0.0.0",
  "lockfileVersion": 2,
  "requires": true,
  "packages": {
    "": {
      "name": "ai-social-media-kit-generator",
      "version": "0.0.0",
      "dependencies": {
        "@google/genai": "0.11.2",
        "react": "^18.2.0",
        "react-dom": "^18.2.0"
      },
      "devDependencies": {
        "@types/node": "^20.11.24",
        "@types/react": "^18.2.61",
        "@types/react-dom": "^18.2.19",
        "@vitejs/plugin-react": "^4.2.1",
        "typescript": "^5.2.2",
        "vite": "^5.1.4"
      }
    },
    "node_modules/@google/genai": {
      "version": "0.11.2",
      "resolved": "https://registry.npmjs.org/@google/genai/-/genai-0.11.2.tgz",
      "integrity": "sha512-RzU6Qlpjzb2j4Lgq6ccpC9W3p6y3/98QJm05gmM2zSg1NGfyz3wGgxRqk2diw5EYf1L10Uuub53eT8xJ+h1Qew==",
      "dependencies": {
        "node-fetch": "^2.6.7"
      },
      "engines": {
        "node": ">=18.0.0"
      }
    },
    "node_modules/@types/node": {
      "version": "20.11.24",
      "resolved": "https://registry.npmjs.org/@types/node/-/node-20.11.24.tgz",
      "integrity": "sha512-Q2DCRp++Q4sD32d2/42g3w4d2pP7L6z02QeEMMEmhMARdC2v3tjq+2jG5xZ0hFEsfQY8Am8bXb+2N/V56xABg==",
      "dev": true,
      "dependencies": {
        "undici-types": "~5.26.4"
      }
    },
    "node_modules/@types/prop-types": {
      "version": "15.7.12",
      "resolved": "https://registry.npmjs.org/@types/prop-types/-/prop-types-15.7.12.tgz",
      "integrity": "sha512-5zvhXYS3icfNlvGdgPzRIk3IElHiwD30l/d/Grd0Q7bszl31xXe+KZIe2e8yVeoYmqKbb4/E8i2b3lKNqIKz9A==",
      "dev": true
    },
    "node_modules/@types/react": {
      "version": "18.2.61",
      "resolved": "https://registry.npmjs.org/@types/react/-/react-18.2.61.tgz",
      "integrity": "sha512-o41h3sL1h1lTsZkE25f6S3L41g3C6L3O7o44Yp4e1/CwXp47b2iW2BE8CBfSNEJcE8p6wzmdT8tN0QYcI20g==",
      "dev": true,
      "dependencies": {
        "@types/prop-types": "*",
        "csstype": "^3.0.2"
      }
    },
    "node_modules/@types/react-dom": {
      "version": "18.2.19",
      "resolved": "https://registry.npmjs.org/@types/react-dom/-/react-dom-18.2.19.tgz",
      "integrity": "sha512-1h2cvnpx52s1s2Fm1+vr52/naA6sMo9N78r2rQGUSL3pAgv95eD+aV3uD1/fLGcO4r0QjV0a71h7yS9C0AqyA==",
      "dev": true,
      "dependencies": {
        "@types/react": "*"
      }
    },
    "node_modules/@vitejs/plugin-react": {
      "version": "4.2.1",
      "resolved": "https://registry.npmjs.org/@vitejs/plugin-react/-/plugin-react-4.2.1.tgz",
      "integrity": "sha512-s2395xNRm/otB+klsQvM/iCQC0p2rYIs22o+zLCF9okXfPfb1w58l2A082q42a5z1xDxPzKsgX/1DBtq1+aBA==",
      "dev": true,
      "dependencies": {
        "@babel/core": "^7.22.9",
        "@babel/plugin-transform-react-jsx-development": "^7.22.5",
        "acorn": "^8.10.0",
        "magic-string": "^0.30.2"
      },
      "peerDependencies": {
        "react": ">=16.8",
        "vite": "^4.2.0 || ^5.0.0"
      }
    },
    "node_modules/acorn": {
      "version": "8.11.3",
      "resolved": "https://registry.npmjs.org/acorn/-/acorn-8.11.3.tgz",
      "integrity": "sha512-Y9r+f5C5upP2xKfeZgI6y3myJdTM4pI29oQqyTFo9DP+2F8SXC8qIF6SEJACiJAoGFIzO01z0MdB0bVo/XD4wA==",
      "dev": true,
      "bin": {
        "acorn": "bin/acorn"
      },
      "engines": {
        "node": ">=0.4.0"
      }
    },
    "node_modules/csstype": {
      "version": "3.1.3",
      "resolved": "https://registry.npmjs.org/csstype/-/csstype-3.1.3.tgz",
      "integrity": "sha512-M1uQkMl8r3FEeGgpOOqUhVoAgvewPXgG3S9Zph9xJGcv23z68iL2DOaVz4Q4+2a2fXBoQTnb32v/v3kl2AqajA==",
      "dev": true
    },
    "node_modules/esbuild": {
      "version": "0.19.12",
      "resolved": "https://registry.npmjs.org/esbuild/-/esbuild-0.19.12.tgz",
      "integrity": "sha512-EUzaPus92i2p24fDE2zT6jPAgxk/h7eop0GvDzus4T1aTYk644P/Sq5aWRZp+cO1n1Q1d/N/p962pXj0i3/0MA==",
      "dev": true,
      "hasInstallScript": true,
      "bin": {
        "esbuild": "bin/esbuild"
      },
      "engines": {
        "node": ">=12"
      },
      "optionalDependencies": {
        "@esbuild/android-arm": "0.19.12",
        "@esbuild/android-arm64": "0.19.12",
        "@esbuild/android-x64": "0.19.12",
        "@esbuild/darwin-arm64": "0.19.12",
        "@esbuild/darwin-x64": "0.19.12",
        "@esbuild/freebsd-arm64": "0.19.12",
        "@esbuild/freebsd-x64": "0.19.12",
        "@esbuild/linux-arm": "0.19.12",
        "@esbuild/linux-arm64": "0.19.12",
        "@esbuild/linux-ia32": "0.19.12",
        "@esbuild/linux-loong64": "0.19.12",
        "@esbuild/linux-mips64el": "0.19.12",
        "@esbuild/linux-ppc64": "0.19.12",
        "@esbuild/linux-riscv64": "0.19.12",
        "@esbuild/linux-s390x": "0.19.12",
        "@esbuild/linux-x64": "0.19.12",
        "@esbuild/netbsd-x64": "0.19.12",
        "@esbuild/openbsd-x64": "0.19.12",
        "@esbuild/sunos-x64": "0.19.12",
        "@esbuild/win32-arm64": "0.19.12",
        "@esbuild/win32-ia32": "0.19.12",
        "@esbuild/win32-x64": "0.19.12"
      }
    },
    "node_modules/js-tokens": {
      "version": "4.0.0",
      "resolved": "https://registry.npmjs.org/js-tokens/-/js-tokens-4.0.0.tgz",
      "integrity": "sha512-RdJUflcE3cUzKiMqQgsCu06FPu9UdIJO0beYbPhHN4k6apgJtifcoCtT9bcxOpYBtpD2kCM6Sbzg4CausW/PKQ=="
    },
    "node_modules/loose-envify": {
      "version": "1.4.0",
      "resolved": "https://registry.npmjs.org/loose-envify/-/loose-envify-1.4.0.tgz",
      "integrity": "sha512-lyuxPGr/Wfhrlem2CL/UcnUc1zcqKAImBDzukY7Y5F/yQiag5zNIogAxeR6FVeoIWcDFrZxRHxPd1Nq+fMLzHQ==",
      "dependencies": {
        "js-tokens": "^3.0.0 || ^4.0.0"
      },
      "bin": {
        "loose-envify": "cli.js"
      }
    },
    "node_modules/magic-string": {
      "version": "0.30.10",
      "resolved": "https://registry.npmjs.org/magic-string/-/magic-string-0.30.10.tgz",
      "integrity": "sha512-Y3PaLh1L2yf4om2Nn5Ews2h+lgouMU/oJ2p+Hj6v4/44MHPoAb1z3sL2b23lArsfl8TqWIwSpYwN1i+eB6hA+g==",
      "dev": true,
      "dependencies": {
        "sourcemap-codec": "^1.4.8"
      },
      "engines": {
        "node": ">=16.0.0"
      }
    },
    "node_modules/nanoid": {
      "version": "3.3.7",
      "resolved": "https://registry.npmjs.org/nanoid/-/nanoid-3.3.7.tgz",
      "integrity": "sha512-eSP3bocMaycpK2Hi3kMM3JwJSswjdoWhGpcD2SO3nLqV3Qp4S6rQp4s17i4prG4hGZNN9gS4u4a2Zvi2p28iWA==",
      "dev": true,
      "bin": {
        "nanoid": "bin/nanoid.cjs"
      },
      "engines": {
        "node": "^10 || ^12 || ^13.7 || ^14 || >=15.0.1"
      }
    },
    "node_modules/node-fetch": {
      "version": "2.7.0",
      "resolved": "https://registry.npmjs.org/node-fetch/-/node-fetch-2.7.0.tgz",
      "integrity": "sha512-c4FRfUm/MiRse9+htVJpexR0sDVEDMZdIAnulfgAa/vYl0L8DmgkaAdGvYjx5Cz2Nf2zB8uuVz9ocK3c2e/xdw==",
      "dependencies": {
        "whatwg-url": "^5.0.0"
      },
      "engines": {
        "node": "4.x || >=6.0.0"
      },
      "peerDependencies": {
        "encoding": "^0.1.0"
      },
      "peerDependenciesMeta": {
        "encoding": {
          "optional": true
        }
      }
    },
    "node_modules/picocolors": {
      "version": "1.0.1",
      "resolved": "https://registry.npmjs.org/picocolors/-/picocolors-1.0.1.tgz",
      "integrity": "sha512-anQzSiv+0h9/dDqorQf52f354aCJf/kDoRetTd228+2wfQp+5f223u5d2d/T2kQzRVkR2bMhYMv5o0iQk7gXQ==",
      "dev": true
    },
    "node_modules/postcss": {
      "version": "8.4.35",
      "resolved": "https://registry.npmjs.org/postcss/-/postcss-8.4.35.tgz",
      "integrity": "sha512-1gTQdEu61yWUeI6a2Bl1g8yc+trbNLf/p+g+3R//6r0s82vy23jgVUuYjP5LWPZc2y+8aJm/O5s/e1hP7c0f1g==",
      "dev": true,
      "dependencies": {
        "nanoid": "^3.3.7",
        "picocolors": "^1.0.0",
        "source-map-js": "^1.0.2"
      },
      "engines": {
        "node": "^12.0 || ^14.0 || >=16.0"
      }
    },
    "node_modules/react": {
      "version": "18.2.0",
      "resolved": "https://registry.npmjs.org/react/-/react-18.2.0.tgz",
      "integrity": "sha512-/3IjMdbBdnDyovNWmbVRAnPJDmYCafvsI2S+3qPCsG2cPFKEDw/xwIsZXJJyrifhBBD9yrTbrMyAD9+8kS1exg==",
      "dependencies": {
        "loose-envify": "^1.1.0"
      },
      "engines": {
        "node": ">=0.10.0"
      }
    },
    "node_modules/react-dom": {
      "version": "18.2.0",
      "resolved": "https://registry.npmjs.org/react-dom/-/react-dom-18.2.0.tgz",
      "integrity": "sha512-6IMTriUmvsjHUjNtEDudZfuDQUoWzZXh2rGG+/ik90RnaJ+G4H1i8S9SflNoalRtp/RdLkvLwR2j+pRO4T2p+w==",
      "dependencies": {
        "loose-envify": "^1.1.0",
        "scheduler": "^0.23.0"
      },
      "peerDependencies": {
        "react": "^18.2.0"
      }
    },
    "node_modules/rollup": {
      "version": "4.12.0",
      "resolved": "https://registry.npmjs.org/rollup/-/rollup-4.12.0.tgz",
      "integrity": "sha512-n2pT9+LdYDZtA2QeD75hR8uQO3iE2uY62n7yTqL3XRFnwo3Lw39/dLAQoGfQ603Pf8rFfxbC0DTeuJgG/+u5w==",
      "dev": true,
      "bin": {
        "rollup": "dist/bin/rollup"
      },
      "engines": {
        "node": ">=18.0.0",
        "npm": ">=8.0.0"
      }
    },
    "node_modules/scheduler": {
      "version": "0.23.0",
      "resolved": "https://registry.npmjs.org/scheduler/-/scheduler-0.23.0.tgz",
      "integrity": "sha512-CtuThmgVollM/24pM3FcM/2+q/34B9Tf/aWx3A4hdqP8IHy913ePzT/58w3VawD4bNxtv5b4mcd+PwyL/aA9gQ==",
      "dependencies": {
        "loose-envify": "^1.1.0"
      }
    },
    "node_modules/source-map-js": {
      "version": "1.0.2",
      "resolved": "https://registry.npmjs.org/source-map-js/-/source-map-js-1.0.2.tgz",
      "integrity": "sha512-R0XvVJ9WusLiqTCEiGCmICCMplcCkIwwR11mOSD9CR5u+IXYdiseeEuXCVAjS+PTvujSFeP3l+8tUwfmoCneIA==",
      "dev": true,
      "engines": {
        "node": ">=0.10.0"
      }
    },
    "node_modules/sourcemap-codec": {
      "version": "1.4.8",
      "resolved": "https://registry.npmjs.org/sourcemap-codec/-/sourcemap-codec-1.4.8.tgz",
      "integrity": "sha512-9NykojV5Uih4l4sowKC57iV2ekgBZX3dSYL0hSZ5YPuStiAn2S8mMb+iCFdaL4F2Uvnm/FoEs4iPo7+28vpeTw==",
      "dev": true
    },
    "node_modules/tr46": {
      "version": "0.0.3",
      "resolved": "https://registry.npmjs.org/tr46/-/tr46-0.0.3.tgz",
      "integrity": "sha512-N3WMptIN2l2dsCV1ON3w9+03IIcbKeC6S3RYYaWIgJRFm2Ie29sLrrx/Ghg5/pLhTf9Qk4PAQvaIdb0f+2pQvw=="
    },
    "node_modules/typescript": {
      "version": "5.2.2",
      "resolved": "https://registry.npmjs.org/typescript/-/typescript-5.2.2.tgz",
      "integrity": "sha512-mI4WrpHsbCIcwT9cF4FvrAmncbJafOeHROCKouAbBLaCoCoPGZE6hgtJ+6eOel8C79d5CgnUKXcrTV/6dXcFgvQ==",
      "dev": true,
      "bin": {
        "tsc": "bin/tsc",
        "tsserver": "bin/tsserver"
      },
      "engines": {
        "node": ">=14.17"
      }
    },
    "node_modules/undici-types": {
      "version": "5.26.5",
      "resolved": "https://registry.npmjs.org/undici-types/-/undici-types-5.26.5.tgz",
      "integrity": "sha512-JlCMO+ehdEIKqlFxk6IfVoAUVmgz7cU7zD/h9XZ0qzeosSHmUJVOzSQvvYSYWXkFXC+IfLKSIffhv0sVZup6pA==",
      "dev": true
    },
    "node_modules/vite": {
      "version": "5.1.4",
      "resolved": "https://registry.npmjs.org/vite/-/vite-5.1.4.tgz",
      "integrity": "sha512-Y3z8FNfBLu/e21gKi3S58v3vj2v8xaK/L+V3ySCr25sP482GNLq2L/aK4a3sW0E8IIp/o7w5Kkhkgrb2g5uGA==",
      "dev": true,
      "dependencies": {
        "esbuild": "^0.19.2",
        "postcss": "^8.4.31",
        "rollup": "^4.9.0"
      },
      "bin": {
        "vite": "bin/vite.js"
      },
      "engines": {
        "node": "^18.0.0 || >=20.0.0"
      },
      "peerDependencies": {
        "less": "*",
        "lightningcss": "^1.21.0",
        "sass": "*",
        "stylus": "*",
        "sugarss": "*",
        "terser": "^5.4.0"
      },
      "peerDependenciesMeta": {
        "less": {
          "optional": true
        },
        "lightningcss": {
          "optional": true
        },
        "sass": {
          "optional": true
        },
        "stylus": {
          "optional": true
        },
        "sugarss": {
          "optional": true
        },
        "terser": {
          "optional": true
        }
      }
    },
    "node_modules/webidl-conversions": {
      "version": "3.0.1",
      "resolved": "https://registry.npmjs.org/webidl-conversions/-/webidl-conversions-3.0.1.tgz",
      "integrity": "sha512-2JAn3z8AR6rjK8Sm8orRC0h/bcl/DqL7t6qYJd8A8AfGGBlIeODoFvMoSS4+dUNlgpQIF2z9XvD2zESo9+ADeA=="
    },
    "node_modules/whatwg-url": {
      "version": "5.0.0",
      "resolved": "https://registry.npmjs.org/whatwg-url/-/whatwg-url-5.0.0.tgz",
      "integrity": "sha512-saE572uP9e64PaNw5v6C/fUs3YhF9f9NAwfJ/d0owhVn7eIeDMSdxdxfOsvk+2rpfctpG1G/G5a/b/sAl9n13g==",
      "dependencies": {
        "tr46": "~0.0.3",
        "webidl-conversions": "^3.0.1"
      }
    }
  }
}
